
Microsoft Visual Studio Solution File, Format Version 12.00
# Visual Studio Version 17
VisualStudioVersion = 17.0.31903.59
MinimumVisualStudioVersion = 10.0.40219.1
Project("{2150E333-8FDC-42A3-9474-1A3956D46DE8}") = "src", "src", "{827E0CD3-B72D-47B6-A68D-7590B98EB39B}"
EndProject
Project("{FAE04EC0-301F-11D3-BF4B-00C04F79EFBC}") = "SimCenter.Domain", "src\SimCenter.Domain\SimCenter.Domain.csproj", "{B4F520AE-A241-4F87-9D3F-7E6B321D3525}"
EndProject
Project("{FAE04EC0-301F-11D3-BF4B-00C04F79EFBC}") = "SimCenter.Application", "src\SimCenter.Application\SimCenter.Application.csproj", "{8C424658-0984-494D-9894-19D613F25EC4}"
EndProject
Project("{FAE04EC0-301F-11D3-BF4B-00C04F79EFBC}") = "SimCenter.Infrastructure", "src\SimCenter.Infrastructure\SimCenter.Infrastructure.csproj", "{D12A2E7A-228A-4827-BE23-01697F9A87D9}"
EndProject
Project("{FAE04EC0-301F-11D3-BF4B-00C04F79EFBC}") = "SimCenter.Api", "src\SimCenter.Api\SimCenter.Api.csproj", "{3F19F28C-C6AF-453E-84B4-2F05DDA43E12}"
EndProject
Project("{FAE04EC0-301F-11D3-BF4B-00C04F79EFBC}") = "SimCenter.Domain.Tests", "tests\SimCenter.Domain.Tests\SimCenter.Domain.Tests.csproj", "{2D08B5AB-2ECD-496E-AC11-930E66017994}"
EndProject
Project("{FAE04EC0-301F-11D3-BF4B-00C04F79EFBC}") = "SimCenter.Application.Tests", "tests\SimCenter.Application.Tests\SimCenter.Application.Tests.csproj", "{4AECB182-4BA8-4A64-B26D-528670C777F9}"
EndProject
Project("{FAE04EC0-301F-11D3-BF4B-00C04F79EFBC}") = "SimCenter.Api.IntegrationTests", "tests\SimCenter.Api.IntegrationTests\SimCenter.Api.IntegrationTests.csproj", "{64596498-C365-4259-B774-E5704380A808}"
EndProject
Global
	GlobalSection(SolutionConfigurationPlatforms) = preSolution
		Debug|Any CPU = Debug|Any CPU
		Debug|x64 = Debug|x64
		Debug|x86 = Debug|x86
		Release|Any CPU = Release|Any CPU
		Release|x64 = Release|x64
		Release|x86 = Release|x86
	EndGlobalSection
	GlobalSection(ProjectConfigurationPlatforms) = postSolution
		{B4F520AE-A241-4F87-9D3F-7E6B321D3525}.Debug|Any CPU.ActiveCfg = Debug|Any CPU
		{B4F520AE-A241-4F87-9D3F-7E6B321D3525}.Debug|Any CPU.Build.0 = Debug|Any CPU
		{B4F520AE-A241-4F87-9D3F-7E6B321D3525}.Debug|x64.ActiveCfg = Debug|Any CPU
		{B4F520AE-A241-4F87-9D3F-7E6B321D3525}.Debug|x64.Build.0 = Debug|Any CPU
		{B4F520AE-A241-4F87-9D3F-7E6B321D3525}.Debug|x86.ActiveCfg = Debug|Any CPU
		{B4F520AE-A241-4F87-9D3F-7E6B321D3525}.Debug|x86.Build.0 = Debug|Any CPU
		{B4F520AE-A241-4F87-9D3F-7E6B321D3525}.Release|Any CPU.ActiveCfg = Release|Any CPU
		{B4F520AE-A241-4F87-9D3F-7E6B321D3525}.Release|Any CPU.Build.0 = Release|Any CPU
		{B4F520AE-A241-4F87-9D3F-7E6B321D3525}.Release|x64.ActiveCfg = Release|Any CPU
		{B4F520AE-A241-4F87-9D3F-7E6B321D3525}.Release|x64.Build.0 = Release|Any CPU
		{B4F520AE-A241-4F87-9D3F-7E6B321D3525}.Release|x86.ActiveCfg = Release|Any CPU
		{B4F520AE-A241-4F87-9D3F-7E6B321D3525}.Release|x86.Build.0 = Release|Any CPU
		{8C424658-0984-494D-9894-19D613F25EC4}.Debug|Any CPU.ActiveCfg = Debug|Any CPU
		{8C424658-0984-494D-9894-19D613F25EC4}.Debug|Any CPU.Build.0 = Debug|Any CPU
		{8C424658-0984-494D-9894-19D613F25EC4}.Debug|x64.ActiveCfg = Debug|Any CPU
		{8C424658-0984-494D-9894-19D613F25EC4}.Debug|x64.Build.0 = Debug|Any CPU
		{8C424658-0984-494D-9894-19D613F25EC4}.Debug|x86.ActiveCfg = Debug|Any CPU
		{8C424658-0984-494D-9894-19D613F25EC4}.Debug|x86.Build.0 = Debug|Any CPU
		{8C424658-0984-494D-9894-19D613F25EC4}.Release|Any CPU.ActiveCfg = Release|Any CPU
		{8C424658-0984-494D-9894-19D613F25EC4}.Release|Any CPU.Build.0 = Release|Any CPU
		{8C424658-0984-494D-9894-19D613F25EC4}.Release|x64.ActiveCfg = Release|Any CPU
		{8C424658-0984-494D-9894-19D613F25EC4}.Release|x64.Build.0 = Release|Any CPU
		{8C424658-0984-494D-9894-19D613F25EC4}.Release|x86.ActiveCfg = Release|Any CPU
		{8C424658-0984-494D-9894-19D613F25EC4}.Release|x86.Build.0 = Release|Any CPU
		{D12A2E7A-228A-4827-BE23-01697F9A87D9}.Debug|Any CPU.ActiveCfg = Debug|Any CPU
		{D12A2E7A-228A-4827-BE23-01697F9A87D9}.Debug|Any CPU.Build.0 = Debug|Any CPU
		{D12A2E7A-228A-4827-BE23-01697F9A87D9}.Debug|x64.ActiveCfg = Debug|Any CPU
		{D12A2E7A-228A-4827-BE23-01697F9A87D9}.Debug|x64.Build.0 = Debug|Any CPU
		{D12A2E7A-228A-4827-BE23-01697F9A87D9}.Debug|x86.ActiveCfg = Debug|Any CPU
		{D12A2E7A-228A-4827-BE23-01697F9A87D9}.Debug|x86.Build.0 = Debug|Any CPU
		{D12A2E7A-228A-4827-BE23-01697F9A87D9}.Release|Any CPU.ActiveCfg = Release|Any CPU
		{D12A2E7A-228A-4827-BE23-01697F9A87D9}.Release|Any CPU.Build.0 = Release|Any CPU
		{D12A2E7A-228A-4827-BE23-01697F9A87D9}.Release|x64.ActiveCfg = Release|Any CPU
		{D12A2E7A-228A-4827-BE23-01697F9A87D9}.Release|x64.Build.0 = Release|Any CPU
		{D12A2E7A-228A-4827-BE23-01697F9A87D9}.Release|x86.ActiveCfg = Release|Any CPU
		{D12A2E7A-228A-4827-BE23-01697F9A87D9}.Release|x86.Build.0 = Release|Any CPU
		{3F19F28C-C6AF-453E-84B4-2F05DDA43E12}.Debug|Any CPU.ActiveCfg = Debug|Any CPU
		{3F19F28C-C6AF-453E-84B4-2F05DDA43E12}.Debug|Any CPU.Build.0 = Debug|Any CPU
		{3F19F28C-C6AF-453E-84B4-2F05DDA43E12}.Debug|x64.ActiveCfg = Debug|Any CPU
		{3F19F28C-C6AF-453E-84B4-2F05DDA43E12}.Debug|x64.Build.0 = Debug|Any CPU
		{3F19F28C-C6AF-453E-84B4-2F05DDA43E12}.Debug|x86.ActiveCfg = Debug|Any CPU
		{3F19F28C-C6AF-453E-84B4-2F05DDA43E12}.Debug|x86.Build.0 = Debug|Any CPU
		{3F19F28C-C6AF-453E-84B4-2F05DDA43E12}.Release|Any CPU.ActiveCfg = Release|Any CPU
		{3F19F28C-C6AF-453E-84B4-2F05DDA43E12}.Release|Any CPU.Build.0 = Release|Any CPU
		{3F19F28C-C6AF-453E-84B4-2F05DDA43E12}.Release|x64.ActiveCfg = Release|Any CPU
		{3F19F28C-C6AF-453E-84B4-2F05DDA43E12}.Release|x64.Build.0 = Release|Any CPU
		{3F19F28C-C6AF-453E-84B4-2F05DDA43E12}.Release|x86.ActiveCfg = Release|Any CPU
		{3F19F28C-C6AF-453E-84B4-2F05DDA43E12}.Release|x86.Build.0 = Release|Any CPU
		{2D08B5AB-2ECD-496E-AC11-930E66017994}.Debug|Any CPU.ActiveCfg = Debug|Any CPU
		{2D08B5AB-2ECD-496E-AC11-930E66017994}.Debug|Any CPU.Build.0 = Debug|Any CPU
		{2D08B5AB-2ECD-496E-AC11-930E66017994}.Debug|x64.ActiveCfg = Debug|Any CPU
		{2D08B5AB-2ECD-496E-AC11-930E66017994}.Debug|x64.Build.0 = Debug|Any CPU
		{2D08B5AB-2ECD-496E-AC11-930E66017994}.Debug|x86.ActiveCfg = Debug|Any CPU
		{2D08B5AB-2ECD-496E-AC11-930E66017994}.Debug|x86.Build.0 = Debug|Any CPU
		{2D08B5AB-2ECD-496E-AC11-930E66017994}.Release|Any CPU.ActiveCfg = Release|Any CPU
		{2D08B5AB-2ECD-496E-AC11-930E66017994}.Release|Any CPU.Build.0 = Release|Any CPU
		{2D08B5AB-2ECD-496E-AC11-930E66017994}.Release|x64.ActiveCfg = Release|Any CPU
		{2D08B5AB-2ECD-496E-AC11-930E66017994}.Release|x64.Build.0 = Release|Any CPU
		{2D08B5AB-2ECD-496E-AC11-930E66017994}.Release|x86.ActiveCfg = Release|Any CPU
		{2D08B5AB-2ECD-496E-AC11-930E66017994}.Release|x86.Build.0 = Release|Any CPU
		{4AECB182-4BA8-4A64-B26D-528670C777F9}.Debug|Any CPU.ActiveCfg = Debug|Any CPU
		{4AECB182-4BA8-4A64-B26D-528670C777F9}.Debug|Any CPU.Build.0 = Debug|Any CPU
		{4AECB182-4BA8-4A64-B26D-528670C777F9}.Debug|x64.ActiveCfg = Debug|Any CPU
		{4AECB182-4BA8-4A64-B26D-528670C777F9}.Debug|x64.Build.0 = Debug|Any CPU
		{4AECB182-4BA8-4A64-B26D-528670C777F9}.Debug|x86.ActiveCfg = Debug|Any CPU
		{4AECB182-4BA8-4A64-B26D-528670C777F9}.Debug|x86.Build.0 = Debug|Any CPU
		{4AECB182-4BA8-4A64-B26D-528670C777F9}.Release|Any CPU.ActiveCfg = Release|Any CPU
		{4AECB182-4BA8-4A64-B26D-528670C777F9}.Release|Any CPU.Build.0 = Release|Any CPU
		{4AECB182-4BA8-4A64-B26D-528670C777F9}.Release|x64.ActiveCfg = Release|Any CPU
		{4AECB182-4BA8-4A64-B26D-528670C777F9}.Release|x64.Build.0 = Release|Any CPU
		{4AECB182-4BA8-4A64-B26D-528670C777F9}.Release|x86.ActiveCfg = Release|Any CPU
		{4AECB182-4BA8-4A64-B26D-528670C777F9}.Release|x86.Build.0 = Release|Any CPU
		{64596498-C365-4259-B774-E5704380A808}.Debug|Any CPU.ActiveCfg = Debug|Any CPU
		{64596498-C365-4259-B774-E5704380A808}.Debug|Any CPU.Build.0 = Debug|Any CPU
		{64596498-C365-4259-B774-E5704380A808}.Debug|x64.ActiveCfg = Debug|Any CPU
		{64596498-C365-4259-B774-E5704380A808}.Debug|x64.Build.0 = Debug|Any CPU
		{64596498-C365-4259-B774-E5704380A808}.Debug|x86.ActiveCfg = Debug|Any CPU
		{64596498-C365-4259-B774-E5704380A808}.Debug|x86.Build.0 = Debug|Any CPU
		{64596498-C365-4259-B774-E5704380A808}.Release|Any CPU.ActiveCfg = Release|Any CPU
		{64596498-C365-4259-B774-E5704380A808}.Release|Any CPU.Build.0 = Release|Any CPU
		{64596498-C365-4259-B774-E5704380A808}.Release|x64.ActiveCfg = Release|Any CPU
		{64596498-C365-4259-B774-E5704380A808}.Release|x64.Build.0 = Release|Any CPU
		{64596498-C365-4259-B774-E5704380A808}.Release|x86.ActiveCfg = Release|Any CPU
		{64596498-C365-4259-B774-E5704380A808}.Release|x86.Build.0 = Release|Any CPU
	EndGlobalSection
	GlobalSection(SolutionProperties) = preSolution
		HideSolutionNode = FALSE
	EndGlobalSection
	GlobalSection(NestedProjects) = preSolution
		{B4F520AE-A241-4F87-9D3F-7E6B321D3525} = {827E0CD3-B72D-47B6-A68D-7590B98EB39B}
		{8C424658-0984-494D-9894-19D613F25EC4} = {827E0CD3-B72D-47B6-A68D-7590B98EB39B}
		{D12A2E7A-228A-4827-BE23-01697F9A87D9} = {827E0CD3-B72D-47B6-A68D-7590B98EB39B}
		{3F19F28C-C6AF-453E-84B4-2F05DDA43E12} = {827E0CD3-B72D-47B6-A68D-7590B98EB39B}
		{2D08B5AB-2ECD-496E-AC11-930E66017994} = {827E0CD3-B72D-47B6-A68D-7590B98EB39B}
		{4AECB182-4BA8-4A64-B26D-528670C777F9} = {827E0CD3-B72D-47B6-A68D-7590B98EB39B}
		{64596498-C365-4259-B774-E5704380A808} = {827E0CD3-B72D-47B6-A68D-7590B98EB39B}
	EndGlobalSection
EndGlobal
